// !$*UTF8*$!
{
	archiveVersion = 1;
	classes = {
	};
	objectVersion = 50;
	objects = {

/* Begin PBXBuildFile section */
		7A1DB1E325060CC5001119AE /* main.m in Sources */ = {isa = PBXBuildFile; fileRef = 7A1DB1E225060CC5001119AE /* main.m */; };
/* End PBXBuildFile section */

/* Begin PBXCopyFilesBuildPhase section */
		7A1DB1BF2505ABAF001119AE /* CopyFiles */ = {
			isa = PBXCopyFilesBuildPhase;
			buildActionMask = 2147483647;
			dstPath = /usr/share/man/man1/;
			dstSubfolderSpec = 0;
			files = (
			);
			runOnlyForDeploymentPostprocessing = 1;
		};
/* End PBXCopyFilesBuildPhase section */

/* Begin PBXFileReference section */
		7A1DB1C12505ABAF001119AE /* iOS_0907 */ = {isa = PBXFileReference; explicitFileType = "compiled.mach-o.executable"; includeInIndex = 0; path = iOS_0907; sourceTree = BUILT_PRODUCTS_DIR; };
		7A1DB1C42505ABAF001119AE /* 1_시작.m */ = {isa = PBXFileReference; lastKnownFileType = sourcecode.c.objc; path = "1_시작.m"; sourceTree = "<group>"; };
		7A1DB1CC2505B152001119AE /* 2_클래스기본문법.m */ = {isa = PBXFileReference; lastKnownFileType = sourcecode.c.objc; path = "2_클래스기본문법.m"; sourceTree = "<group>"; };
		7A1DB1CE2505BA3D001119AE /* 3_초기화메소드.m */ = {isa = PBXFileReference; lastKnownFileType = sourcecode.c.objc; path = "3_초기화메소드.m"; sourceTree = "<group>"; };
		7A1DB1D02505C647001119AE /* 4_메소드.m */ = {isa = PBXFileReference; lastKnownFileType = sourcecode.c.objc; path = "4_메소드.m"; sourceTree = "<group>"; };
		7A1DB1D22505CAFF001119AE /* 5_프로퍼티.m */ = {isa = PBXFileReference; lastKnownFileType = sourcecode.c.objc; path = "5_프로퍼티.m"; sourceTree = "<group>"; };
		7A1DB1D42505CF74001119AE /* 6_참조계수.m */ = {isa = PBXFileReference; lastKnownFileType = sourcecode.c.objc; path = "6_참조계수.m"; sourceTree = "<group>"; };
		7A1DB1D62505D7A8001119AE /* 7_AutoReleasePool.m */ = {isa = PBXFileReference; lastKnownFileType = sourcecode.c.objc; path = 7_AutoReleasePool.m; sourceTree = "<group>"; };
		7A1DB1D82505DD05001119AE /* 8_객체소유권.m */ = {isa = PBXFileReference; lastKnownFileType = sourcecode.c.objc; path = "8_객체소유권.m"; sourceTree = "<group>"; };
		7A1DB1DA2505F021001119AE /* 9_프로퍼티(MRC).m */ = {isa = PBXFileReference; lastKnownFileType = sourcecode.c.objc; path = "9_프로퍼티(MRC).m"; sourceTree = "<group>"; };
		7A1DB1DC2505F388001119AE /* 10_프로퍼티(ARC).m */ = {isa = PBXFileReference; lastKnownFileType = sourcecode.c.objc; path = "10_프로퍼티(ARC).m"; sourceTree = "<group>"; };
		7A1DB1DE2505FCFD001119AE /* 11_약한참조(autoniling).m */ = {isa = PBXFileReference; lastKnownFileType = sourcecode.c.objc; path = "11_약한참조(autoniling).m"; sourceTree = "<group>"; };
		7A1DB1E0250601D1001119AE /* 12_프로퍼티활용.m */ = {isa = PBXFileReference; lastKnownFileType = sourcecode.c.objc; path = "12_프로퍼티활용.m"; sourceTree = "<group>"; };
		7A1DB1E225060CC5001119AE /* main.m */ = {isa = PBXFileReference; lastKnownFileType = sourcecode.c.objc; path = main.m; sourceTree = "<group>"; };
/* End PBXFileReference section */

/* Begin PBXFrameworksBuildPhase section */
		7A1DB1BE2505ABAF001119AE /* Frameworks */ = {
			isa = PBXFrameworksBuildPhase;
			buildActionMask = 2147483647;
			files = (
			);
			runOnlyForDeploymentPostprocessing = 0;
		};
/* End PBXFrameworksBuildPhase section */

/* Begin PBXGroup section */
		7A1DB1B82505ABAF001119AE = {
			isa = PBXGroup;
			children = (
				7A1DB1C32505ABAF001119AE /* iOS_0907 */,
				7A1DB1C22505ABAF001119AE /* Products */,
			);
			sourceTree = "<group>";
		};
		7A1DB1C22505ABAF001119AE /* Products */ = {
			isa = PBXGroup;
			children = (
				7A1DB1C12505ABAF001119AE /* iOS_0907 */,
			);
			name = Products;
			sourceTree = "<group>";
		};
		7A1DB1C32505ABAF001119AE /* iOS_0907 */ = {
			isa = PBXGroup;
			children = (
				7A1DB1C42505ABAF001119AE /* 1_시작.m */,
				7A1DB1CC2505B152001119AE /* 2_클래스기본문법.m */,
				7A1DB1CE2505BA3D001119AE /* 3_초기화메소드.m */,
				7A1DB1D02505C647001119AE /* 4_메소드.m */,
				7A1DB1D22505CAFF001119AE /* 5_프로퍼티.m */,
				7A1DB1D42505CF74001119AE /* 6_참조계수.m */,
				7A1DB1D62505D7A8001119AE /* 7_AutoReleasePool.m */,
				7A1DB1D82505DD05001119AE /* 8_객체소유권.m */,
				7A1DB1DA2505F021001119AE /* 9_프로퍼티(MRC).m */,
				7A1DB1DC2505F388001119AE /* 10_프로퍼티(ARC).m */,
				7A1DB1DE2505FCFD001119AE /* 11_약한참조(autoniling).m */,
				7A1DB1E0250601D1001119AE /* 12_프로퍼티활용.m */,
				7A1DB1E225060CC5001119AE /* main.m */,
			);
			path = iOS_0907;
			sourceTree = "<group>";
		};
/* End PBXGroup section */

/* Begin PBXNativeTarget section */
		7A1DB1C02505ABAF001119AE /* iOS_0907 */ = {
			isa = PBXNativeTarget;
			buildConfigurationList = 7A1DB1C82505ABAF001119AE /* Build configuration list for PBXNativeTarget "iOS_0907" */;
			buildPhases = (
				7A1DB1BD2505ABAF001119AE /* Sources */,
				7A1DB1BE2505ABAF001119AE /* Frameworks */,
				7A1DB1BF2505ABAF001119AE /* CopyFiles */,
			);
			buildRules = (
			);
			dependencies = (
			);
			name = iOS_0907;
			productName = iOS_0907;
			productReference = 7A1DB1C12505ABAF001119AE /* iOS_0907 */;
			productType = "com.apple.product-type.tool";
		};
/* End PBXNativeTarget section */

/* Begin PBXProject section */
		7A1DB1B92505ABAF001119AE /* Project object */ = {
			isa = PBXProject;
			attributes = {
				LastUpgradeCheck = 1170;
				ORGANIZATIONNAME = "Chansik Yun";
				TargetAttributes = {
					7A1DB1C02505ABAF001119AE = {
						CreatedOnToolsVersion = 11.7;
					};
				};
			};
			buildConfigurationList = 7A1DB1BC2505ABAF001119AE /* Build configuration list for PBXProject "iOS_0907" */;
			compatibilityVersion = "Xcode 9.3";
			developmentRegion = en;
			hasScannedForEncodings = 0;
			knownRegions = (
				en,
				Base,
			);
			mainGroup = 7A1DB1B82505ABAF001119AE;
			productRefGroup = 7A1DB1C22505ABAF001119AE /* Products */;
			projectDirPath = "";
			projectRoot = "";
			targets = (
				7A1DB1C02505ABAF001119AE /* iOS_0907 */,
			);
		};
/* End PBXProject section */

/* Begin PBXSourcesBuildPhase section */
		7A1DB1BD2505ABAF001119AE /* Sources */ = {
			isa = PBXSourcesBuildPhase;
			buildActionMask = 2147483647;
			files = (
				7A1DB1E325060CC5001119AE /* main.m in Sources */,
			);
			runOnlyForDeploymentPostprocessing = 0;
		};
/* End PBXSourcesBuildPhase section */

/* Begin XCBuildConfiguration section */
		7A1DB1C62505ABAF001119AE /* Debug */ = {
			isa = XCBuildConfiguration;
			buildSettings = {
				ALWAYS_SEARCH_USER_PATHS = NO;
				CLANG_ANALYZER_NONNULL = YES;
				CLANG_ANALYZER_NUMBER_OBJECT_CONVERSION = YES_AGGRESSIVE;
				CLANG_CXX_LANGUAGE_STANDARD = "gnu++14";
				CLANG_CXX_LIBRARY = "libc++";
				CLANG_ENABLE_MODULES = YES;
				CLANG_ENABLE_OBJC_ARC = YES;
				CLANG_ENABLE_OBJC_WEAK = YES;
				CLANG_WARN_BLOCK_CAPTURE_AUTORELEASING = YES;
				CLANG_WARN_BOOL_CONVERSION = YES;
				CLANG_WARN_COMMA = YES;
				CLANG_WARN_CONSTANT_CONVERSION = YES;
				CLANG_WARN_DEPRECATED_OBJC_IMPLEMENTATIONS = YES;
				CLANG_WARN_DIRECT_OBJC_ISA_USAGE = YES_ERROR;
				CLANG_WARN_DOCUMENTATION_COMMENTS = YES;
				CLANG_WARN_EMPTY_BODY = YES;
				CLANG_WARN_ENUM_CONVERSION = YES;
				CLANG_WARN_INFINITE_RECURSION = YES;
				CLANG_WARN_INT_CONVERSION = YES;
				CLANG_WARN_NON_LITERAL_NULL_CONVERSION = YES;
				CLANG_WARN_OBJC_IMPLICIT_RETAIN_SELF = YES;
				CLANG_WARN_OBJC_LITERAL_CONVERSION = YES;
				CLANG_WARN_OBJC_ROOT_CLASS = YES_ERROR;
				CLANG_WARN_RANGE_LOOP_ANALYSIS = YES;
				CLANG_WARN_STRICT_PROTOTYPES = YES;
				CLANG_WARN_SUSPICIOUS_MOVE = YES;
				CLANG_WARN_UNGUARDED_AVAILABILITY = YES_AGGRESSIVE;
				CLANG_WARN_UNREACHABLE_CODE = YES;
				CLANG_WARN__DUPLICATE_METHOD_MATCH = YES;
				COPY_PHASE_STRIP = NO;
				DEBUG_INFORMATION_FORMAT = dwarf;
				ENABLE_STRICT_OBJC_MSGSEND = YES;
				ENABLE_TESTABILITY = YES;
				GCC_C_LANGUAGE_STANDARD = gnu11;
				GCC_DYNAMIC_NO_PIC = NO;
				GCC_NO_COMMON_BLOCKS = YES;
				GCC_OPTIMIZATION_LEVEL = 0;
				GCC_PREPROCESSOR_DEFINITIONS = (
					"DEBUG=1",
					"$(inherited)",
				);
				GCC_WARN_64_TO_32_BIT_CONVERSION = YES;
				GCC_WARN_ABOUT_RETURN_TYPE = YES_ERROR;
				GCC_WARN_UNDECLARED_SELECTOR = YES;
				GCC_WARN_UNINITIALIZED_AUTOS = YES_AGGRESSIVE;
				GCC_WARN_UNUSED_FUNCTION = YES;
				GCC_WARN_UNUSED_VARIABLE = YES;
				MACOSX_DEPLOYMENT_TARGET = 10.15;
				MTL_ENABLE_DEBUG_INFO = INCLUDE_SOURCE;
				MTL_FAST_MATH = YES;
				ONLY_ACTIVE_ARCH = YES;
				SDKROOT = macosx;
			};
			name = Debug;
		};
		7A1DB1C72505ABAF001119AE /* Release */ = {
			isa = XCBuildConfiguration;
			buildSettings = {
				ALWAYS_SEARCH_USER_PATHS = NO;
				CLANG_ANALYZER_NONNULL = YES;
				CLANG_ANALYZER_NUMBER_OBJECT_CONVERSION = YES_AGGRESSIVE;
				CLANG_CXX_LANGUAGE_STANDARD = "gnu++14";
				CLANG_CXX_LIBRARY = "libc++";
				CLANG_ENABLE_MODULES = YES;
				CLANG_ENABLE_OBJC_ARC = YES;
				CLANG_ENABLE_OBJC_WEAK = YES;
				CLANG_WARN_BLOCK_CAPTURE_AUTORELEASING = YES;
				CLANG_WARN_BOOL_CONVERSION = YES;
				CLANG_WARN_COMMA = YES;
				CLANG_WARN_CONSTANT_CONVERSION = YES;
				CLANG_WARN_DEPRECATED_OBJC_IMPLEMENTATIONS = YES;
				CLANG_WARN_DIRECT_OBJC_ISA_USAGE = YES_ERROR;
				CLANG_WARN_DOCUMENTATION_COMMENTS = YES;
				CLANG_WARN_EMPTY_BODY = YES;
				CLANG_WARN_ENUM_CONVERSION = YES;
				CLANG_WARN_INFINITE_RECURSION = YES;
				CLANG_WARN_INT_CONVERSION = YES;
				CLANG_WARN_NON_LITERAL_NULL_CONVERSION = YES;
				CLANG_WARN_OBJC_IMPLICIT_RETAIN_SELF = YES;
				CLANG_WARN_OBJC_LITERAL_CONVERSION = YES;
				CLANG_WARN_OBJC_ROOT_CLASS = YES_ERROR;
				CLANG_WARN_RANGE_LOOP_ANALYSIS = YES;
				CLANG_WARN_STRICT_PROTOTYPES = YES;
				CLANG_WARN_SUSPICIOUS_MOVE = YES;
				CLANG_WARN_UNGUARDED_AVAILABILITY = YES_AGGRESSIVE;
				CLANG_WARN_UNREACHABLE_CODE = YES;
				CLANG_WARN__DUPLICATE_METHOD_MATCH = YES;
				COPY_PHASE_STRIP = NO;
				DEBUG_INFORMATION_FORMAT = "dwarf-with-dsym";
				ENABLE_NS_ASSERTIONS = NO;
				ENABLE_STRICT_OBJC_MSGSEND = YES;
				GCC_C_LANGUAGE_STANDARD = gnu11;
				GCC_NO_COMMON_BLOCKS = YES;
				GCC_WARN_64_TO_32_BIT_CONVERSION = YES;
				GCC_WARN_ABOUT_RETURN_TYPE = YES_ERROR;
				GCC_WARN_UNDECLARED_SELECTOR = YES;
				GCC_WARN_UNINITIALIZED_AUTOS = YES_AGGRESSIVE;
				GCC_WARN_UNUSED_FUNCTION = YES;
				GCC_WARN_UNUSED_VARIABLE = YES;
				MACOSX_DEPLOYMENT_TARGET = 10.15;
				MTL_ENABLE_DEBUG_INFO = NO;
				MTL_FAST_MATH = YES;
				SDKROOT = macosx;
			};
			name = Release;
		};
		7A1DB1C92505ABAF001119AE /* Debug */ = {
			isa = XCBuildConfiguration;
			buildSettings = {
				CLANG_ENABLE_OBJC_ARC = YES;
				CODE_SIGN_STYLE = Automatic;
				PRODUCT_NAME = "$(TARGET_NAME)";
			};
			name = Debug;
		};
		7A1DB1CA2505ABAF001119AE /* Release */ = {
			isa = XCBuildConfiguration;
			buildSettings = {
				CLANG_ENABLE_OBJC_ARC = YES;
				CODE_SIGN_STYLE = Automatic;
				PRODUCT_NAME = "$(TARGET_NAME)";
			};
			name = Release;
		};
/* End XCBuildConfiguration section */

/* Begin XCConfigurationList section */
		7A1DB1BC2505ABAF001119AE /* Build configuration list for PBXProject "iOS_0907" */ = {
			isa = XCConfigurationList;
			buildConfigurations = (
				7A1DB1C62505ABAF001119AE /* Debug */,
				7A1DB1C72505ABAF001119AE /* Release */,
			);
			defaultConfigurationIsVisible = 0;
			defaultConfigurationName = Release;
		};
		7A1DB1C82505ABAF001119AE /* Build configuration list for PBXNativeTarget "iOS_0907" */ = {
			isa = XCConfigurationList;
			buildConfigurations = (
				7A1DB1C92505ABAF001119AE /* Debug */,
				7A1DB1CA2505ABAF001119AE /* Release */,
			);
			defaultConfigurationIsVisible = 0;
			defaultConfigurationName = Release;
		};
/* End XCConfigurationList section */
	};
	rootObject = 7A1DB1B92505ABAF001119AE /* Project object */;
}
